// !$*UTF8*$!
{
	archiveVersion = 1;
	classes = {
	};
	objectVersion = 50;
	objects = {

/* Begin PBXBuildFile section */
		8F20A7B6209181B100E83C12 /* ZWPickerView.m in Sources */ = {isa = PBXBuildFile; fileRef = 8F20A7B1209181B100E83C12 /* ZWPickerView.m */; };
		8F20A7B7209181B100E83C12 /* ZWPickerButton.m in Sources */ = {isa = PBXBuildFile; fileRef = 8F20A7B3209181B100E83C12 /* ZWPickerButton.m */; };
		8F20A7B92091820700E83C12 /* ProvincesAndCities.plist in Resources */ = {isa = PBXBuildFile; fileRef = 8F20A7B82091820700E83C12 /* ProvincesAndCities.plist */; };
		8F20A7BE2091824000E83C12 /* DomeViewController.m in Sources */ = {isa = PBXBuildFile; fileRef = 8F20A7BC2091824000E83C12 /* DomeViewController.m */; };
		8F20A7E62091B17400E83C12 /* productList.plist in Resources */ = {isa = PBXBuildFile; fileRef = 8F20A7E52091B17400E83C12 /* productList.plist */; };
		8F24F90720877024000DFDCB /* Default-568h@2x.png in Resources */ = {isa = PBXBuildFile; fileRef = 8F24F90620877024000DFDCB /* Default-568h@2x.png */; };
		8F9F14552087514000DA5D9A /* Assets.xcassets in Resources */ = {isa = PBXBuildFile; fileRef = 8F9F14542087514000DA5D9A /* Assets.xcassets */; };
		8F9F145B2087514000DA5D9A /* main.m in Sources */ = {isa = PBXBuildFile; fileRef = 8F9F145A2087514000DA5D9A /* main.m */; };
		8F9F14652087514000DA5D9A /* ZWPickerViewTests.m in Sources */ = {isa = PBXBuildFile; fileRef = 8F9F14642087514000DA5D9A /* ZWPickerViewTests.m */; };
		8F9F14702087514000DA5D9A /* ZWPickerViewUITests.m in Sources */ = {isa = PBXBuildFile; fileRef = 8F9F146F2087514000DA5D9A /* ZWPickerViewUITests.m */; };
		8F9F14802087525F00DA5D9A /* AppDelegate.m in Sources */ = {isa = PBXBuildFile; fileRef = 8F9F147F2087525F00DA5D9A /* AppDelegate.m */; };
/* End PBXBuildFile section */

/* Begin PBXContainerItemProxy section */
		8F9F14612087514000DA5D9A /* PBXContainerItemProxy */ = {
			isa = PBXContainerItemProxy;
			containerPortal = 8F9F14402087513E00DA5D9A /* Project object */;
			proxyType = 1;
			remoteGlobalIDString = 8F9F14472087513E00DA5D9A;
			remoteInfo = ZWPickerView;
		};
		8F9F146C2087514000DA5D9A /* PBXContainerItemProxy */ = {
			isa = PBXContainerItemProxy;
			containerPortal = 8F9F14402087513E00DA5D9A /* Project object */;
			proxyType = 1;
			remoteGlobalIDString = 8F9F14472087513E00DA5D9A;
			remoteInfo = ZWPickerView;
		};
/* End PBXContainerItemProxy section */

/* Begin PBXFileReference section */
		8F20A7AF209181B000E83C12 /* ZWPickerButton.h */ = {isa = PBXFileReference; fileEncoding = 4; lastKnownFileType = sourcecode.c.h; path = ZWPickerButton.h; sourceTree = "<group>"; };
		8F20A7B1209181B100E83C12 /* ZWPickerView.m */ = {isa = PBXFileReference; fileEncoding = 4; lastKnownFileType = sourcecode.c.objc; path = ZWPickerView.m; sourceTree = "<group>"; };
		8F20A7B2209181B100E83C12 /* ZWPickerView.h */ = {isa = PBXFileReference; fileEncoding = 4; lastKnownFileType = sourcecode.c.h; path = ZWPickerView.h; sourceTree = "<group>"; };
		8F20A7B3209181B100E83C12 /* ZWPickerButton.m */ = {isa = PBXFileReference; fileEncoding = 4; lastKnownFileType = sourcecode.c.objc; path = ZWPickerButton.m; sourceTree = "<group>"; };
		8F20A7B82091820700E83C12 /* ProvincesAndCities.plist */ = {isa = PBXFileReference; fileEncoding = 4; lastKnownFileType = text.plist.xml; path = ProvincesAndCities.plist; sourceTree = "<group>"; };
		8F20A7BB2091824000E83C12 /* DomeViewController.h */ = {isa = PBXFileReference; fileEncoding = 4; lastKnownFileType = sourcecode.c.h; path = DomeViewController.h; sourceTree = "<group>"; };
		8F20A7BC2091824000E83C12 /* DomeViewController.m */ = {isa = PBXFileReference; fileEncoding = 4; lastKnownFileType = sourcecode.c.objc; path = DomeViewController.m; sourceTree = "<group>"; };
		8F20A7E52091B17400E83C12 /* productList.plist */ = {isa = PBXFileReference; fileEncoding = 4; lastKnownFileType = text.plist.xml; path = productList.plist; sourceTree = "<group>"; };
		8F24F90620877024000DFDCB /* Default-568h@2x.png */ = {isa = PBXFileReference; lastKnownFileType = image.png; path = "Default-568h@2x.png"; sourceTree = "<group>"; };
		8F9F14482087513E00DA5D9A /* ZWPickerView.app */ = {isa = PBXFileReference; explicitFileType = wrapper.application; includeInIndex = 0; path = ZWPickerView.app; sourceTree = BUILT_PRODUCTS_DIR; };
		8F9F14542087514000DA5D9A /* Assets.xcassets */ = {isa = PBXFileReference; lastKnownFileType = folder.assetcatalog; path = Assets.xcassets; sourceTree = "<group>"; };
		8F9F14592087514000DA5D9A /* Info.plist */ = {isa = PBXFileReference; lastKnownFileType = text.plist.xml; path = Info.plist; sourceTree = "<group>"; };
		8F9F145A2087514000DA5D9A /* main.m */ = {isa = PBXFileReference; lastKnownFileType = sourcecode.c.objc; path = main.m; sourceTree = "<group>"; };
		8F9F14602087514000DA5D9A /* ZWPickerViewTests.xctest */ = {isa = PBXFileReference; explicitFileType = wrapper.cfbundle; includeInIndex = 0; path = ZWPickerViewTests.xctest; sourceTree = BUILT_PRODUCTS_DIR; };
		8F9F14642087514000DA5D9A /* ZWPickerViewTests.m */ = {isa = PBXFileReference; lastKnownFileType = sourcecode.c.objc; path = ZWPickerViewTests.m; sourceTree = "<group>"; };
		8F9F14662087514000DA5D9A /* Info.plist */ = {isa = PBXFileReference; lastKnownFileType = text.plist.xml; path = Info.plist; sourceTree = "<group>"; };
		8F9F146B2087514000DA5D9A /* ZWPickerViewUITests.xctest */ = {isa = PBXFileReference; explicitFileType = wrapper.cfbundle; includeInIndex = 0; path = ZWPickerViewUITests.xctest; sourceTree = BUILT_PRODUCTS_DIR; };
		8F9F146F2087514000DA5D9A /* ZWPickerViewUITests.m */ = {isa = PBXFileReference; lastKnownFileType = sourcecode.c.objc; path = ZWPickerViewUITests.m; sourceTree = "<group>"; };
		8F9F14712087514000DA5D9A /* Info.plist */ = {isa = PBXFileReference; lastKnownFileType = text.plist.xml; path = Info.plist; sourceTree = "<group>"; };
		8F9F147E2087525F00DA5D9A /* AppDelegate.h */ = {isa = PBXFileReference; fileEncoding = 4; lastKnownFileType = sourcecode.c.h; path = AppDelegate.h; sourceTree = "<group>"; };
		8F9F147F2087525F00DA5D9A /* AppDelegate.m */ = {isa = PBXFileReference; fileEncoding = 4; lastKnownFileType = sourcecode.c.objc; path = AppDelegate.m; sourceTree = "<group>"; };
/* End PBXFileReference section */

/* Begin PBXFrameworksBuildPhase section */
		8F9F14452087513E00DA5D9A /* Frameworks */ = {
			isa = PBXFrameworksBuildPhase;
			buildActionMask = 2147483647;
			files = (
			);
			runOnlyForDeploymentPostprocessing = 0;
		};
		8F9F145D2087514000DA5D9A /* Frameworks */ = {
			isa = PBXFrameworksBuildPhase;
			buildActionMask = 2147483647;
			files = (
			);
			runOnlyForDeploymentPostprocessing = 0;
		};
		8F9F14682087514000DA5D9A /* Frameworks */ = {
			isa = PBXFrameworksBuildPhase;
			buildActionMask = 2147483647;
			files = (
			);
			runOnlyForDeploymentPostprocessing = 0;
		};
/* End PBXFrameworksBuildPhase section */

/* Begin PBXGroup section */
		8F20A7BA2091824000E83C12 /* ViewController */ = {
			isa = PBXGroup;
			children = (
				8F20A7BB2091824000E83C12 /* DomeViewController.h */,
				8F20A7BC2091824000E83C12 /* DomeViewController.m */,
			);
			path = ViewController;
			sourceTree = "<group>";
		};
		8F9F143F2087513E00DA5D9A = {
			isa = PBXGroup;
			children = (
				8F24F90620877024000DFDCB /* Default-568h@2x.png */,
				8F9F144A2087513E00DA5D9A /* ZWPickerView */,
				8F9F14632087514000DA5D9A /* ZWPickerViewTests */,
				8F9F146E2087514000DA5D9A /* ZWPickerViewUITests */,
				8F9F14492087513E00DA5D9A /* Products */,
			);
			sourceTree = "<group>";
		};
		8F9F14492087513E00DA5D9A /* Products */ = {
			isa = PBXGroup;
			children = (
				8F9F14482087513E00DA5D9A /* ZWPickerView.app */,
				8F9F14602087514000DA5D9A /* ZWPickerViewTests.xctest */,
				8F9F146B2087514000DA5D9A /* ZWPickerViewUITests.xctest */,
			);
			name = Products;
			sourceTree = "<group>";
		};
		8F9F144A2087513E00DA5D9A /* ZWPickerView */ = {
			isa = PBXGroup;
			children = (
				8F9F1481208752A000DA5D9A /* ZWPickerView */,
				8F9F1482208752B200DA5D9A /* Dome */,
				8F9F147D2087525F00DA5D9A /* Other */,
				8F9F14592087514000DA5D9A /* Info.plist */,
			);
			path = ZWPickerView;
			sourceTree = "<group>";
		};
		8F9F14632087514000DA5D9A /* ZWPickerViewTests */ = {
			isa = PBXGroup;
			children = (
				8F9F14642087514000DA5D9A /* ZWPickerViewTests.m */,
				8F9F14662087514000DA5D9A /* Info.plist */,
			);
			path = ZWPickerViewTests;
			sourceTree = "<group>";
		};
		8F9F146E2087514000DA5D9A /* ZWPickerViewUITests */ = {
			isa = PBXGroup;
			children = (
				8F9F146F2087514000DA5D9A /* ZWPickerViewUITests.m */,
				8F9F14712087514000DA5D9A /* Info.plist */,
			);
			path = ZWPickerViewUITests;
			sourceTree = "<group>";
		};
		8F9F147D2087525F00DA5D9A /* Other */ = {
			isa = PBXGroup;
			children = (
				8F9F14542087514000DA5D9A /* Assets.xcassets */,
				8F9F147E2087525F00DA5D9A /* AppDelegate.h */,
				8F9F147F2087525F00DA5D9A /* AppDelegate.m */,
				8F9F145A2087514000DA5D9A /* main.m */,
			);
			path = Other;
			sourceTree = "<group>";
		};
		8F9F1481208752A000DA5D9A /* ZWPickerView */ = {
			isa = PBXGroup;
			children = (
				8F20A7AF209181B000E83C12 /* ZWPickerButton.h */,
				8F20A7B3209181B100E83C12 /* ZWPickerButton.m */,
				8F20A7B2209181B100E83C12 /* ZWPickerView.h */,
				8F20A7B1209181B100E83C12 /* ZWPickerView.m */,
			);
			path = ZWPickerView;
			sourceTree = "<group>";
		};
		8F9F1482208752B200DA5D9A /* Dome */ = {
			isa = PBXGroup;
			children = (
				8F20A7BA2091824000E83C12 /* ViewController */,
				8F20A7E52091B17400E83C12 /* productList.plist */,
				8F20A7B82091820700E83C12 /* ProvincesAndCities.plist */,
			);
			path = Dome;
			sourceTree = "<group>";
		};
/* End PBXGroup section */

/* Begin PBXNativeTarget section */
		8F9F14472087513E00DA5D9A /* ZWPickerView */ = {
			isa = PBXNativeTarget;
			buildConfigurationList = 8F9F14742087514000DA5D9A /* Build configuration list for PBXNativeTarget "ZWPickerView" */;
			buildPhases = (
				8F9F14442087513E00DA5D9A /* Sources */,
				8F9F14452087513E00DA5D9A /* Frameworks */,
				8F9F14462087513E00DA5D9A /* Resources */,
			);
			buildRules = (
			);
			dependencies = (
			);
			name = ZWPickerView;
			productName = ZWPickerView;
			productReference = 8F9F14482087513E00DA5D9A /* ZWPickerView.app */;
			productType = "com.apple.product-type.application";
		};
		8F9F145F2087514000DA5D9A /* ZWPickerViewTests */ = {
			isa = PBXNativeTarget;
			buildConfigurationList = 8F9F14772087514000DA5D9A /* Build configuration list for PBXNativeTarget "ZWPickerViewTests" */;
			buildPhases = (
				8F9F145C2087514000DA5D9A /* Sources */,
				8F9F145D2087514000DA5D9A /* Frameworks */,
				8F9F145E2087514000DA5D9A /* Resources */,
			);
			buildRules = (
			);
			dependencies = (
				8F9F14622087514000DA5D9A /* PBXTargetDependency */,
			);
			name = ZWPickerViewTests;
			productName = ZWPickerViewTests;
			productReference = 8F9F14602087514000DA5D9A /* ZWPickerViewTests.xctest */;
			productType = "com.apple.product-type.bundle.unit-test";
		};
		8F9F146A2087514000DA5D9A /* ZWPickerViewUITests */ = {
			isa = PBXNativeTarget;
			buildConfigurationList = 8F9F147A2087514000DA5D9A /* Build configuration list for PBXNativeTarget "ZWPickerViewUITests" */;
			buildPhases = (
				8F9F14672087514000DA5D9A /* Sources */,
				8F9F14682087514000DA5D9A /* Frameworks */,
				8F9F14692087514000DA5D9A /* Resources */,
			);
			buildRules = (
			);
			dependencies = (
				8F9F146D2087514000DA5D9A /* PBXTargetDependency */,
			);
			name = ZWPickerViewUITests;
			productName = ZWPickerViewUITests;
			productReference = 8F9F146B2087514000DA5D9A /* ZWPickerViewUITests.xctest */;
			productType = "com.apple.product-type.bundle.ui-testing";
		};
/* End PBXNativeTarget section */

/* Begin PBXProject section */
		8F9F14402087513E00DA5D9A /* Project object */ = {
			isa = PBXProject;
			attributes = {
				LastUpgradeCheck = 0930;
				ORGANIZATIONNAME = liunianhuaguoyanxi;
				TargetAttributes = {
					8F9F14472087513E00DA5D9A = {
						CreatedOnToolsVersion = 9.3;
					};
					8F9F145F2087514000DA5D9A = {
						CreatedOnToolsVersion = 9.3;
						TestTargetID = 8F9F14472087513E00DA5D9A;
					};
					8F9F146A2087514000DA5D9A = {
						CreatedOnToolsVersion = 9.3;
						TestTargetID = 8F9F14472087513E00DA5D9A;
					};
				};
			};
			buildConfigurationList = 8F9F14432087513E00DA5D9A /* Build configuration list for PBXProject "ZWPickerView" */;
			compatibilityVersion = "Xcode 9.3";
			developmentRegion = en;
			hasScannedForEncodings = 0;
			knownRegions = (
				en,
				Base,
			);
			mainGroup = 8F9F143F2087513E00DA5D9A;
			productRefGroup = 8F9F14492087513E00DA5D9A /* Products */;
			projectDirPath = "";
			projectRoot = "";
			targets = (
				8F9F14472087513E00DA5D9A /* ZWPickerView */,
				8F9F145F2087514000DA5D9A /* ZWPickerViewTests */,
				8F9F146A2087514000DA5D9A /* ZWPickerViewUITests */,
			);
		};
/* End PBXProject section */

/* Begin PBXResourcesBuildPhase section */
		8F9F14462087513E00DA5D9A /* Resources */ = {
			isa = PBXResourcesBuildPhase;
			buildActionMask = 2147483647;
			files = (
				8F20A7E62091B17400E83C12 /* productList.plist in Resources */,
				8F9F14552087514000DA5D9A /* Assets.xcassets in Resources */,
				8F24F90720877024000DFDCB /* Default-568h@2x.png in Resources */,
				8F20A7B92091820700E83C12 /* ProvincesAndCities.plist in Resources */,
			);
			runOnlyForDeploymentPostprocessing = 0;
		};
		8F9F145E2087514000DA5D9A /* Resources */ = {
			isa = PBXResourcesBuildPhase;
			buildActionMask = 2147483647;
			files = (
			);
			runOnlyForDeploymentPostprocessing = 0;
		};
		8F9F14692087514000DA5D9A /* Resources */ = {
			isa = PBXResourcesBuildPhase;
			buildActionMask = 2147483647;
			files = (
			);
			runOnlyForDeploymentPostprocessing = 0;
		};
/* End PBXResourcesBuildPhase section */

/* Begin PBXSourcesBuildPhase section */
		8F9F14442087513E00DA5D9A /* Sources */ = {
			isa = PBXSourcesBuildPhase;
			buildActionMask = 2147483647;
			files = (
				8F20A7BE2091824000E83C12 /* DomeViewController.m in Sources */,
				8F9F14802087525F00DA5D9A /* AppDelegate.m in Sources */,
				8F20A7B7209181B100E83C12 /* ZWPickerButton.m in Sources */,
				8F9F145B2087514000DA5D9A /* main.m in Sources */,
				8F20A7B6209181B100E83C12 /* ZWPickerView.m in Sources */,
			);
			runOnlyForDeploymentPostprocessing = 0;
		};
		8F9F145C2087514000DA5D9A /* Sources */ = {
			isa = PBXSourcesBuildPhase;
			buildActionMask = 2147483647;
			files = (
				8F9F14652087514000DA5D9A /* ZWPickerViewTests.m in Sources */,
			);
			runOnlyForDeploymentPostprocessing = 0;
		};
		8F9F14672087514000DA5D9A /* Sources */ = {
			isa = PBXSourcesBuildPhase;
			buildActionMask = 2147483647;
			files = (
				8F9F14702087514000DA5D9A /* ZWPickerViewUITests.m in Sources */,
			);
			runOnlyForDeploymentPostprocessing = 0;
		};
/* End PBXSourcesBuildPhase section */

/* Begin PBXTargetDependency section */
		8F9F14622087514000DA5D9A /* PBXTargetDependency */ = {
			isa = PBXTargetDependency;
			target = 8F9F14472087513E00DA5D9A /* ZWPickerView */;
			targetProxy = 8F9F14612087514000DA5D9A /* PBXContainerItemProxy */;
		};
		8F9F146D2087514000DA5D9A /* PBXTargetDependency */ = {
			isa = PBXTargetDependency;
			target = 8F9F14472087513E00DA5D9A /* ZWPickerView */;
			targetProxy = 8F9F146C2087514000DA5D9A /* PBXContainerItemProxy */;
		};
/* End PBXTargetDependency section */

/* Begin XCBuildConfiguration section */
		8F9F14722087514000DA5D9A /* Debug */ = {
			isa = XCBuildConfiguration;
			buildSettings = {
				ALWAYS_SEARCH_USER_PATHS = NO;
				CLANG_ANALYZER_NONNULL = YES;
				CLANG_ANALYZER_NUMBER_OBJECT_CONVERSION = YES_AGGRESSIVE;
				CLANG_CXX_LANGUAGE_STANDARD = "gnu++14";
				CLANG_CXX_LIBRARY = "libc++";
				CLANG_ENABLE_MODULES = YES;
				CLANG_ENABLE_OBJC_ARC = YES;
				CLANG_ENABLE_OBJC_WEAK = YES;
				CLANG_WARN_BLOCK_CAPTURE_AUTORELEASING = YES;
				CLANG_WARN_BOOL_CONVERSION = YES;
				CLANG_WARN_COMMA = YES;
				CLANG_WARN_CONSTANT_CONVERSION = YES;
				CLANG_WARN_DEPRECATED_OBJC_IMPLEMENTATIONS = YES;
				CLANG_WARN_DIRECT_OBJC_ISA_USAGE = YES_ERROR;
				CLANG_WARN_DOCUMENTATION_COMMENTS = YES;
				CLANG_WARN_EMPTY_BODY = YES;
				CLANG_WARN_ENUM_CONVERSION = YES;
				CLANG_WARN_INFINITE_RECURSION = YES;
				CLANG_WARN_INT_CONVERSION = YES;
				CLANG_WARN_NON_LITERAL_NULL_CONVERSION = YES;
				CLANG_WARN_OBJC_IMPLICIT_RETAIN_SELF = YES;
				CLANG_WARN_OBJC_LITERAL_CONVERSION = YES;
				CLANG_WARN_OBJC_ROOT_CLASS = YES_ERROR;
				CLANG_WARN_RANGE_LOOP_ANALYSIS = YES;
				CLANG_WARN_STRICT_PROTOTYPES = YES;
				CLANG_WARN_SUSPICIOUS_MOVE = YES;
				CLANG_WARN_UNGUARDED_AVAILABILITY = YES_AGGRESSIVE;
				CLANG_WARN_UNREACHABLE_CODE = YES;
				CLANG_WARN__DUPLICATE_METHOD_MATCH = YES;
				CODE_SIGN_IDENTITY = "iPhone Developer";
				COPY_PHASE_STRIP = NO;
				DEBUG_INFORMATION_FORMAT = dwarf;
				ENABLE_STRICT_OBJC_MSGSEND = YES;
				ENABLE_TESTABILITY = YES;
				GCC_C_LANGUAGE_STANDARD = gnu11;
				GCC_DYNAMIC_NO_PIC = NO;
				GCC_NO_COMMON_BLOCKS = YES;
				GCC_OPTIMIZATION_LEVEL = 0;
				GCC_PREPROCESSOR_DEFINITIONS = (
					"DEBUG=1",
					"$(inherited)",
				);
				GCC_WARN_64_TO_32_BIT_CONVERSION = YES;
				GCC_WARN_ABOUT_RETURN_TYPE = YES_ERROR;
				GCC_WARN_UNDECLARED_SELECTOR = YES;
				GCC_WARN_UNINITIALIZED_AUTOS = YES_AGGRESSIVE;
				GCC_WARN_UNUSED_FUNCTION = YES;
				GCC_WARN_UNUSED_VARIABLE = YES;
				IPHONEOS_DEPLOYMENT_TARGET = 11.3;
				MTL_ENABLE_DEBUG_INFO = YES;
				ONLY_ACTIVE_ARCH = YES;
				SDKROOT = iphoneos;
			};
			name = Debug;
		};
		8F9F14732087514000DA5D9A /* Release */ = {
			isa = XCBuildConfiguration;
			buildSettings = {
				ALWAYS_SEARCH_USER_PATHS = NO;
				CLANG_ANALYZER_NONNULL = YES;
				CLANG_ANALYZER_NUMBER_OBJECT_CONVERSION = YES_AGGRESSIVE;
				CLANG_CXX_LANGUAGE_STANDARD = "gnu++14";
				CLANG_CXX_LIBRARY = "libc++";
				CLANG_ENABLE_MODULES = YES;
				CLANG_ENABLE_OBJC_ARC = YES;
				CLANG_ENABLE_OBJC_WEAK = YES;
				CLANG_WARN_BLOCK_CAPTURE_AUTORELEASING = YES;
				CLANG_WARN_BOOL_CONVERSION = YES;
				CLANG_WARN_COMMA = YES;
				CLANG_WARN_CONSTANT_CONVERSION = YES;
				CLANG_WARN_DEPRECATED_OBJC_IMPLEMENTATIONS = YES;
				CLANG_WARN_DIRECT_OBJC_ISA_USAGE = YES_ERROR;
				CLANG_WARN_DOCUMENTATION_COMMENTS = YES;
				CLANG_WARN_EMPTY_BODY = YES;
				CLANG_WARN_ENUM_CONVERSION = YES;
				CLANG_WARN_INFINITE_RECURSION = YES;
				CLANG_WARN_INT_CONVERSION = YES;
				CLANG_WARN_NON_LITERAL_NULL_CONVERSION = YES;
				CLANG_WARN_OBJC_IMPLICIT_RETAIN_SELF = YES;
				CLANG_WARN_OBJC_LITERAL_CONVERSION = YES;
				CLANG_WARN_OBJC_ROOT_CLASS = YES_ERROR;
				CLANG_WARN_RANGE_LOOP_ANALYSIS = YES;
				CLANG_WARN_STRICT_PROTOTYPES = YES;
				CLANG_WARN_SUSPICIOUS_MOVE = YES;
				CLANG_WARN_UNGUARDED_AVAILABILITY = YES_AGGRESSIVE;
				CLANG_WARN_UNREACHABLE_CODE = YES;
				CLANG_WARN__DUPLICATE_METHOD_MATCH = YES;
				CODE_SIGN_IDENTITY = "iPhone Developer";
				COPY_PHASE_STRIP = NO;
				DEBUG_INFORMATION_FORMAT = "dwarf-with-dsym";
				ENABLE_NS_ASSERTIONS = NO;
				ENABLE_STRICT_OBJC_MSGSEND = YES;
				GCC_C_LANGUAGE_STANDARD = gnu11;
				GCC_NO_COMMON_BLOCKS = YES;
				GCC_WARN_64_TO_32_BIT_CONVERSION = YES;
				GCC_WARN_ABOUT_RETURN_TYPE = YES_ERROR;
				GCC_WARN_UNDECLARED_SELECTOR = YES;
				GCC_WARN_UNINITIALIZED_AUTOS = YES_AGGRESSIVE;
				GCC_WARN_UNUSED_FUNCTION = YES;
				GCC_WARN_UNUSED_VARIABLE = YES;
				IPHONEOS_DEPLOYMENT_TARGET = 11.3;
				MTL_ENABLE_DEBUG_INFO = NO;
				SDKROOT = iphoneos;
				VALIDATE_PRODUCT = YES;
			};
			name = Release;
		};
		8F9F14752087514000DA5D9A /* Debug */ = {
			isa = XCBuildConfiguration;
			buildSettings = {
				ASSETCATALOG_COMPILER_APPICON_NAME = AppIcon;
				CODE_SIGN_STYLE = Automatic;
				DEVELOPMENT_TEAM = H8HS99YY37;
				INFOPLIST_FILE = ZWPickerView/Info.plist;
				IPHONEOS_DEPLOYMENT_TARGET = 8.0;
				LD_RUNPATH_SEARCH_PATHS = (
					"$(inherited)",
					"@executable_path/Frameworks",
				);
				PRODUCT_BUNDLE_IDENTIFIER = com.base.liunianhuaguoyanxi.ZWPickerView;
				PRODUCT_NAME = "$(TARGET_NAME)";
				TARGETED_DEVICE_FAMILY = 1;
			};
			name = Debug;
		};
		8F9F14762087514000DA5D9A /* Release */ = {
			isa = XCBuildConfiguration;
			buildSettings = {
				ASSETCATALOG_COMPILER_APPICON_NAME = AppIcon;
				CODE_SIGN_STYLE = Automatic;
				DEVELOPMENT_TEAM = H8HS99YY37;
				INFOPLIST_FILE = ZWPickerView/Info.plist;
				IPHONEOS_DEPLOYMENT_TARGET = 8.0;
				LD_RUNPATH_SEARCH_PATHS = (
					"$(inherited)",
					"@executable_path/Frameworks",
				);
				PRODUCT_BUNDLE_IDENTIFIER = com.base.liunianhuaguoyanxi.ZWPickerView;
				PRODUCT_NAME = "$(TARGET_NAME)";
				TARGETED_DEVICE_FAMILY = 1;
			};
			name = Release;
		};
		8F9F14782087514000DA5D9A /* Debug */ = {
			isa = XCBuildConfiguration;
			buildSettings = {
				BUNDLE_LOADER = "$(TEST_HOST)";
				CODE_SIGN_STYLE = Automatic;
				INFOPLIST_FILE = ZWPickerViewTests/Info.plist;
				LD_RUNPATH_SEARCH_PATHS = (
					"$(inherited)",
					"@executable_path/Frameworks",
					"@loader_path/Frameworks",
				);
				PRODUCT_BUNDLE_IDENTIFIER = com.base.liunianhuaguoyanxi.ZWPickerViewTests;
				PRODUCT_NAME = "$(TARGET_NAME)";
				TARGETED_DEVICE_FAMILY = "1,2";
				TEST_HOST = "$(BUILT_PRODUCTS_DIR)/ZWPickerView.app/ZWPickerView";
			};
			name = Debug;
		};
		8F9F14792087514000DA5D9A /* Release */ = {
			isa = XCBuildConfiguration;
			buildSettings = {
				BUNDLE_LOADER = "$(TEST_HOST)";
				CODE_SIGN_STYLE = Automatic;
				INFOPLIST_FILE = ZWPickerViewTests/Info.plist;
				LD_RUNPATH_SEARCH_PATHS = (
					"$(inherited)",
					"@executable_path/Frameworks",
					"@loader_path/Frameworks",
				);
				PRODUCT_BUNDLE_IDENTIFIER = com.base.liunianhuaguoyanxi.ZWPickerViewTests;
				PRODUCT_NAME = "$(TARGET_NAME)";
				TARGETED_DEVICE_FAMILY = "1,2";
				TEST_HOST = "$(BUILT_PRODUCTS_DIR)/ZWPickerView.app/ZWPickerView";
			};
			name = Release;
		};
		8F9F147B2087514000DA5D9A /* Debug */ = {
			isa = XCBuildConfiguration;
			buildSettings = {
				CODE_SIGN_STYLE = Automatic;
				INFOPLIST_FILE = ZWPickerViewUITests/Info.plist;
				LD_RUNPATH_SEARCH_PATHS = (
					"$(inherited)",
					"@executable_path/Frameworks",
					"@loader_path/Frameworks",
				);
				PRODUCT_BUNDLE_IDENTIFIER = com.base.liunianhuaguoyanxi.ZWPickerViewUITests;
				PRODUCT_NAME = "$(TARGET_NAME)";
				TARGETED_DEVICE_FAMILY = "1,2";
				TEST_TARGET_NAME = ZWPickerView;
			};
			name = Debug;
		};
		8F9F147C2087514000DA5D9A /* Release */ = {
			isa = XCBuildConfiguration;
			buildSettings = {
				CODE_SIGN_STYLE = Automatic;
				INFOPLIST_FILE = ZWPickerViewUITests/Info.plist;
				LD_RUNPATH_SEARCH_PATHS = (
					"$(inherited)",
					"@executable_path/Frameworks",
					"@loader_path/Frameworks",
				);
				PRODUCT_BUNDLE_IDENTIFIER = com.base.liunianhuaguoyanxi.ZWPickerViewUITests;
				PRODUCT_NAME = "$(TARGET_NAME)";
				TARGETED_DEVICE_FAMILY = "1,2";
				TEST_TARGET_NAME = ZWPickerView;
			};
			name = Release;
		};
/* End XCBuildConfiguration section */

/* Begin XCConfigurationList section */
		8F9F14432087513E00DA5D9A /* Build configuration list for PBXProject "ZWPickerView" */ = {
			isa = XCConfigurationList;
			buildConfigurations = (
				8F9F14722087514000DA5D9A /* Debug */,
				8F9F14732087514000DA5D9A /* Release */,
			);
			defaultConfigurationIsVisible = 0;
			defaultConfigurationName = Release;
		};
		8F9F14742087514000DA5D9A /* Build configuration list for PBXNativeTarget "ZWPickerView" */ = {
			isa = XCConfigurationList;
			buildConfigurations = (
				8F9F14752087514000DA5D9A /* Debug */,
				8F9F14762087514000DA5D9A /* Release */,
			);
			defaultConfigurationIsVisible = 0;
			defaultConfigurationName = Release;
		};
		8F9F14772087514000DA5D9A /* Build configuration list for PBXNativeTarget "ZWPickerViewTests" */ = {
			isa = XCConfigurationList;
			buildConfigurations = (
				8F9F14782087514000DA5D9A /* Debug */,
				8F9F14792087514000DA5D9A /* Release */,
			);
			defaultConfigurationIsVisible = 0;
			defaultConfigurationName = Release;
		};
		8F9F147A2087514000DA5D9A /* Build configuration list for PBXNativeTarget "ZWPickerViewUITests" */ = {
			isa = XCConfigurationList;
			buildConfigurations = (
				8F9F147B2087514000DA5D9A /* Debug */,
				8F9F147C2087514000DA5D9A /* Release */,
			);
			defaultConfigurationIsVisible = 0;
			defaultConfigurationName = Release;
		};
/* End XCConfigurationList section */
	};
	rootObject = 8F9F14402087513E00DA5D9A /* Project object */;
}
